
Microsoft Visual Studio Solution File, Format Version 12.00
# Visual Studio Version 16
VisualStudioVersion = 16.0.30011.22
MinimumVisualStudioVersion = 10.0.40219.1
Project("{FAE04EC0-301F-11D3-BF4B-00C04F79EFBC}") = "NoteService", "NoteService\NoteService.csproj", "{577177FC-D7E5-4188-B2B4-390978EE0C1D}"
EndProject
Global
	GlobalSection(SolutionConfigurationPlatforms) = preSolution
		Debug|Any CPU = Debug|Any CPU
		Release|Any CPU = Release|Any CPU
	EndGlobalSection
	GlobalSection(ProjectConfigurationPlatforms) = postSolution
		{577177FC-D7E5-4188-B2B4-390978EE0C1D}.Debug|Any CPU.ActiveCfg = Debug|Any CPU
		{577177FC-D7E5-4188-B2B4-390978EE0C1D}.Debug|Any CPU.Build.0 = Debug|Any CPU
		{577177FC-D7E5-4188-B2B4-390978EE0C1D}.Release|Any CPU.ActiveCfg = Release|Any CPU
		{577177FC-D7E5-4188-B2B4-390978EE0C1D}.Release|Any CPU.Build.0 = Release|Any CPU
	EndGlobalSection
	GlobalSection(SolutionProperties) = preSolution
		HideSolutionNode = FALSE
	EndGlobalSection
	GlobalSection(ExtensibilityGlobals) = postSolution
		SolutionGuid = {5703DD02-B54A-44E3-9C62-C120ED912A4D}
	EndGlobalSection
EndGlobal
